
Microsoft Visual Studio Solution File, Format Version 12.00
# Visual Studio Version 17
VisualStudioVersion = 17.1.32210.238
MinimumVisualStudioVersion = 10.0.40219.1
Project("{FAE04EC0-301F-11D3-BF4B-00C04F79EFBC}") = "Proxy+Mediator HWS", "Proxy+Mediator HWS\Proxy+Mediator HWS.csproj", "{699EF255-3706-4119-9699-BBB7E1E7ED27}"
EndProject
Global
	GlobalSection(SolutionConfigurationPlatforms) = preSolution
		Debug|Any CPU = Debug|Any CPU
		Release|Any CPU = Release|Any CPU
	EndGlobalSection
	GlobalSection(ProjectConfigurationPlatforms) = postSolution
		{699EF255-3706-4119-9699-BBB7E1E7ED27}.Debug|Any CPU.ActiveCfg = Debug|Any CPU
		{699EF255-3706-4119-9699-BBB7E1E7ED27}.Debug|Any CPU.Build.0 = Debug|Any CPU
		{699EF255-3706-4119-9699-BBB7E1E7ED27}.Release|Any CPU.ActiveCfg = Release|Any CPU
		{699EF255-3706-4119-9699-BBB7E1E7ED27}.Release|Any CPU.Build.0 = Release|Any CPU
	EndGlobalSection
	GlobalSection(SolutionProperties) = preSolution
		HideSolutionNode = FALSE
	EndGlobalSection
	GlobalSection(ExtensibilityGlobals) = postSolution
		SolutionGuid = {84B8E0D8-0CE2-44CF-8896-DE6C0A16E692}
	EndGlobalSection
EndGlobal
